
Microsoft Visual Studio Solution File, Format Version 12.00
# Visual Studio 14
VisualStudioVersion = 14.0.25420.1
MinimumVisualStudioVersion = 10.0.40219.1
Project("{FAE04EC0-301F-11D3-BF4B-00C04F79EFBC}") = "StoreManagement.Web", "StoreManagement.Web\StoreManagement.Web.csproj", "{2971DD44-6FD6-4DCD-B080-E74DF0EDB252}"
	ProjectSection(ProjectDependencies) = postProject
		{980A0A2A-57C7-4827-983F-59ACC9EC8107} = {980A0A2A-57C7-4827-983F-59ACC9EC8107}
	EndProjectSection
EndProject
Project("{FAE04EC0-301F-11D3-BF4B-00C04F79EFBC}") = "StoreManagement.Framework", "StoreManagement.Framework\StoreManagement.Framework.csproj", "{A51CB7BE-A9A9-424C-9CF1-16C29688F6F8}"
EndProject
Project("{FAE04EC0-301F-11D3-BF4B-00C04F79EFBC}") = "StoreManagement.Common", "StoreManagement.Common\StoreManagement.Common.csproj", "{0D346C50-970B-4B49-A18C-FB43B0E68E5F}"
EndProject
Project("{FAE04EC0-301F-11D3-BF4B-00C04F79EFBC}") = "StoreManagement.Business", "StoreManagement.Business\StoreManagement.Business.csproj", "{980A0A2A-57C7-4827-983F-59ACC9EC8107}"
EndProject
Project("{FAE04EC0-301F-11D3-BF4B-00C04F79EFBC}") = "StoreManagement.ViewModels", "StoreManagement.ViewModels\StoreManagement.ViewModels.csproj", "{4EC85294-FCAB-4A3C-857F-4DE945AD864F}"
EndProject
Project("{FAE04EC0-301F-11D3-BF4B-00C04F79EFBC}") = "StoreManagement.Models", "StoreManagement.Models\StoreManagement.Models.csproj", "{ACF16558-756E-47EC-A61F-920459ED6013}"
EndProject
Global
	GlobalSection(SolutionConfigurationPlatforms) = preSolution
		Debug|Any CPU = Debug|Any CPU
		Release|Any CPU = Release|Any CPU
	EndGlobalSection
	GlobalSection(ProjectConfigurationPlatforms) = postSolution
		{2971DD44-6FD6-4DCD-B080-E74DF0EDB252}.Debug|Any CPU.ActiveCfg = Debug|Any CPU
		{2971DD44-6FD6-4DCD-B080-E74DF0EDB252}.Debug|Any CPU.Build.0 = Debug|Any CPU
		{2971DD44-6FD6-4DCD-B080-E74DF0EDB252}.Release|Any CPU.ActiveCfg = Release|Any CPU
		{2971DD44-6FD6-4DCD-B080-E74DF0EDB252}.Release|Any CPU.Build.0 = Release|Any CPU
		{A51CB7BE-A9A9-424C-9CF1-16C29688F6F8}.Debug|Any CPU.ActiveCfg = Debug|Any CPU
		{A51CB7BE-A9A9-424C-9CF1-16C29688F6F8}.Debug|Any CPU.Build.0 = Debug|Any CPU
		{A51CB7BE-A9A9-424C-9CF1-16C29688F6F8}.Release|Any CPU.ActiveCfg = Release|Any CPU
		{A51CB7BE-A9A9-424C-9CF1-16C29688F6F8}.Release|Any CPU.Build.0 = Release|Any CPU
		{0D346C50-970B-4B49-A18C-FB43B0E68E5F}.Debug|Any CPU.ActiveCfg = Debug|Any CPU
		{0D346C50-970B-4B49-A18C-FB43B0E68E5F}.Debug|Any CPU.Build.0 = Debug|Any CPU
		{0D346C50-970B-4B49-A18C-FB43B0E68E5F}.Release|Any CPU.ActiveCfg = Release|Any CPU
		{0D346C50-970B-4B49-A18C-FB43B0E68E5F}.Release|Any CPU.Build.0 = Release|Any CPU
		{980A0A2A-57C7-4827-983F-59ACC9EC8107}.Debug|Any CPU.ActiveCfg = Debug|Any CPU
		{980A0A2A-57C7-4827-983F-59ACC9EC8107}.Debug|Any CPU.Build.0 = Debug|Any CPU
		{980A0A2A-57C7-4827-983F-59ACC9EC8107}.Release|Any CPU.ActiveCfg = Release|Any CPU
		{980A0A2A-57C7-4827-983F-59ACC9EC8107}.Release|Any CPU.Build.0 = Release|Any CPU
		{4EC85294-FCAB-4A3C-857F-4DE945AD864F}.Debug|Any CPU.ActiveCfg = Debug|Any CPU
		{4EC85294-FCAB-4A3C-857F-4DE945AD864F}.Debug|Any CPU.Build.0 = Debug|Any CPU
		{4EC85294-FCAB-4A3C-857F-4DE945AD864F}.Release|Any CPU.ActiveCfg = Release|Any CPU
		{4EC85294-FCAB-4A3C-857F-4DE945AD864F}.Release|Any CPU.Build.0 = Release|Any CPU
		{ACF16558-756E-47EC-A61F-920459ED6013}.Debug|Any CPU.ActiveCfg = Debug|Any CPU
		{ACF16558-756E-47EC-A61F-920459ED6013}.Debug|Any CPU.Build.0 = Debug|Any CPU
		{ACF16558-756E-47EC-A61F-920459ED6013}.Release|Any CPU.ActiveCfg = Release|Any CPU
		{ACF16558-756E-47EC-A61F-920459ED6013}.Release|Any CPU.Build.0 = Release|Any CPU
	EndGlobalSection
	GlobalSection(SolutionProperties) = preSolution
		HideSolutionNode = FALSE
	EndGlobalSection
EndGlobal
